
Microsoft Visual Studio Solution File, Format Version 12.00
# Visual Studio Version 16
VisualStudioVersion = 16.0.31729.503
MinimumVisualStudioVersion = 10.0.40219.1
Project("{FAE04EC0-301F-11D3-BF4B-00C04F79EFBC}") = "W2L8", "W2L8.csproj", "{86C1352A-C9B8-4E5F-A0DE-AD7C4D27CA54}"
EndProject
Global
	GlobalSection(SolutionConfigurationPlatforms) = preSolution
		Debug|Any CPU = Debug|Any CPU
		Release|Any CPU = Release|Any CPU
	EndGlobalSection
	GlobalSection(ProjectConfigurationPlatforms) = postSolution
		{86C1352A-C9B8-4E5F-A0DE-AD7C4D27CA54}.Debug|Any CPU.ActiveCfg = Debug|Any CPU
		{86C1352A-C9B8-4E5F-A0DE-AD7C4D27CA54}.Debug|Any CPU.Build.0 = Debug|Any CPU
		{86C1352A-C9B8-4E5F-A0DE-AD7C4D27CA54}.Release|Any CPU.ActiveCfg = Release|Any CPU
		{86C1352A-C9B8-4E5F-A0DE-AD7C4D27CA54}.Release|Any CPU.Build.0 = Release|Any CPU
	EndGlobalSection
	GlobalSection(SolutionProperties) = preSolution
		HideSolutionNode = FALSE
	EndGlobalSection
	GlobalSection(ExtensibilityGlobals) = postSolution
		SolutionGuid = {109770FA-3032-40C4-A99E-93B49A831DA1}
	EndGlobalSection
EndGlobal
